// !$*UTF8*$!
{
	archiveVersion = 1;
	classes = {
	};
	objectVersion = 50;
	objects = {

/* Begin PBXBuildFile section */
		3EAC07C0DE0DF4A6E4F40FCE /* Pods_EkoTestApp.framework in Frameworks */ = {isa = PBXBuildFile; fileRef = 58341D46E782F5A6E21B865E /* Pods_EkoTestApp.framework */; };
		B73C230D81D85E60D1E4DB0F /* Pods_EkoTestAppTests.framework in Frameworks */ = {isa = PBXBuildFile; fileRef = 5AFB774EFD5A63DD47D592D1 /* Pods_EkoTestAppTests.framework */; };
		E306EDABA0632F3623EBDE92 /* Pods_EkoTestAppUITests.framework in Frameworks */ = {isa = PBXBuildFile; fileRef = 6B9DD9A0AD8C12C040FC7B7E /* Pods_EkoTestAppUITests.framework */; };
		E40768B421C53C2E00B666AF /* Extension+UIViewController.swift in Sources */ = {isa = PBXBuildFile; fileRef = E40768B321C53C2E00B666AF /* Extension+UIViewController.swift */; };
		E40768B821C5512200B666AF /* Storyboarded.swift in Sources */ = {isa = PBXBuildFile; fileRef = E40768B721C5512200B666AF /* Storyboarded.swift */; };
		E40C45A021C521BC00E89425 /* GithubUsersTableViewCell.swift in Sources */ = {isa = PBXBuildFile; fileRef = E40C459F21C521BC00E89425 /* GithubUsersTableViewCell.swift */; };
		E40C45A221C5255000E89425 /* GithubUserPageViewController.swift in Sources */ = {isa = PBXBuildFile; fileRef = E40C45A121C5255000E89425 /* GithubUserPageViewController.swift */; };
		E40C45A421C525D500E89425 /* Constants.swift in Sources */ = {isa = PBXBuildFile; fileRef = E40C45A321C525D500E89425 /* Constants.swift */; };
		E40C45AB21C52A3F00E89425 /* GithubService.swift in Sources */ = {isa = PBXBuildFile; fileRef = E40C45AA21C52A3F00E89425 /* GithubService.swift */; };
		E40C45AD21C52A9B00E89425 /* GitHubUser.swift in Sources */ = {isa = PBXBuildFile; fileRef = E40C45AC21C52A9B00E89425 /* GitHubUser.swift */; };
		E40C45AF21C52C0F00E89425 /* GithubUsersViewModel.swift in Sources */ = {isa = PBXBuildFile; fileRef = E40C45AE21C52C0F00E89425 /* GithubUsersViewModel.swift */; };
		E43466C621C519160028564D /* AppDelegate.swift in Sources */ = {isa = PBXBuildFile; fileRef = E43466C521C519160028564D /* AppDelegate.swift */; };
		E43466C821C519160028564D /* GithubUsersViewController.swift in Sources */ = {isa = PBXBuildFile; fileRef = E43466C721C519160028564D /* GithubUsersViewController.swift */; };
		E43466CB21C519160028564D /* Main.storyboard in Resources */ = {isa = PBXBuildFile; fileRef = E43466C921C519160028564D /* Main.storyboard */; };
		E43466CD21C519160028564D /* Assets.xcassets in Resources */ = {isa = PBXBuildFile; fileRef = E43466CC21C519160028564D /* Assets.xcassets */; };
		E43466D021C519160028564D /* LaunchScreen.storyboard in Resources */ = {isa = PBXBuildFile; fileRef = E43466CE21C519160028564D /* LaunchScreen.storyboard */; };
		E43466DB21C519160028564D /* EkoTestAppTests.swift in Sources */ = {isa = PBXBuildFile; fileRef = E43466DA21C519160028564D /* EkoTestAppTests.swift */; };
		E43466E621C519170028564D /* EkoTestAppUITests.swift in Sources */ = {isa = PBXBuildFile; fileRef = E43466E521C519170028564D /* EkoTestAppUITests.swift */; };
/* End PBXBuildFile section */

/* Begin PBXContainerItemProxy section */
		E43466D721C519160028564D /* PBXContainerItemProxy */ = {
			isa = PBXContainerItemProxy;
			containerPortal = E43466BA21C519160028564D /* Project object */;
			proxyType = 1;
			remoteGlobalIDString = E43466C121C519160028564D;
			remoteInfo = EkoTestApp;
		};
		E43466E221C519170028564D /* PBXContainerItemProxy */ = {
			isa = PBXContainerItemProxy;
			containerPortal = E43466BA21C519160028564D /* Project object */;
			proxyType = 1;
			remoteGlobalIDString = E43466C121C519160028564D;
			remoteInfo = EkoTestApp;
		};
/* End PBXContainerItemProxy section */

/* Begin PBXFileReference section */
		58341D46E782F5A6E21B865E /* Pods_EkoTestApp.framework */ = {isa = PBXFileReference; explicitFileType = wrapper.framework; includeInIndex = 0; path = Pods_EkoTestApp.framework; sourceTree = BUILT_PRODUCTS_DIR; };
		5AFB774EFD5A63DD47D592D1 /* Pods_EkoTestAppTests.framework */ = {isa = PBXFileReference; explicitFileType = wrapper.framework; includeInIndex = 0; path = Pods_EkoTestAppTests.framework; sourceTree = BUILT_PRODUCTS_DIR; };
		6B9DD9A0AD8C12C040FC7B7E /* Pods_EkoTestAppUITests.framework */ = {isa = PBXFileReference; explicitFileType = wrapper.framework; includeInIndex = 0; path = Pods_EkoTestAppUITests.framework; sourceTree = BUILT_PRODUCTS_DIR; };
		8FBC9315EDD7C51333D138AA /* Pods-EkoTestApp.release.xcconfig */ = {isa = PBXFileReference; includeInIndex = 1; lastKnownFileType = text.xcconfig; name = "Pods-EkoTestApp.release.xcconfig"; path = "Pods/Target Support Files/Pods-EkoTestApp/Pods-EkoTestApp.release.xcconfig"; sourceTree = "<group>"; };
		BA0CECF95062994088F4C85C /* Pods-EkoTestAppTests.debug.xcconfig */ = {isa = PBXFileReference; includeInIndex = 1; lastKnownFileType = text.xcconfig; name = "Pods-EkoTestAppTests.debug.xcconfig"; path = "Pods/Target Support Files/Pods-EkoTestAppTests/Pods-EkoTestAppTests.debug.xcconfig"; sourceTree = "<group>"; };
		D5A741AC364F97E594854741 /* Pods-EkoTestAppTests.release.xcconfig */ = {isa = PBXFileReference; includeInIndex = 1; lastKnownFileType = text.xcconfig; name = "Pods-EkoTestAppTests.release.xcconfig"; path = "Pods/Target Support Files/Pods-EkoTestAppTests/Pods-EkoTestAppTests.release.xcconfig"; sourceTree = "<group>"; };
		E40768B321C53C2E00B666AF /* Extension+UIViewController.swift */ = {isa = PBXFileReference; lastKnownFileType = sourcecode.swift; path = "Extension+UIViewController.swift"; sourceTree = "<group>"; };
		E40768B721C5512200B666AF /* Storyboarded.swift */ = {isa = PBXFileReference; lastKnownFileType = sourcecode.swift; path = Storyboarded.swift; sourceTree = "<group>"; };
		E40C459F21C521BC00E89425 /* GithubUsersTableViewCell.swift */ = {isa = PBXFileReference; lastKnownFileType = sourcecode.swift; path = GithubUsersTableViewCell.swift; sourceTree = "<group>"; };
		E40C45A121C5255000E89425 /* GithubUserPageViewController.swift */ = {isa = PBXFileReference; lastKnownFileType = sourcecode.swift; path = GithubUserPageViewController.swift; sourceTree = "<group>"; };
		E40C45A321C525D500E89425 /* Constants.swift */ = {isa = PBXFileReference; lastKnownFileType = sourcecode.swift; path = Constants.swift; sourceTree = "<group>"; };
		E40C45AA21C52A3F00E89425 /* GithubService.swift */ = {isa = PBXFileReference; lastKnownFileType = sourcecode.swift; path = GithubService.swift; sourceTree = "<group>"; };
		E40C45AC21C52A9B00E89425 /* GitHubUser.swift */ = {isa = PBXFileReference; fileEncoding = 4; lastKnownFileType = sourcecode.swift; path = GitHubUser.swift; sourceTree = "<group>"; };
		E40C45AE21C52C0F00E89425 /* GithubUsersViewModel.swift */ = {isa = PBXFileReference; lastKnownFileType = sourcecode.swift; path = GithubUsersViewModel.swift; sourceTree = "<group>"; };
		E43466C221C519160028564D /* EkoTestApp.app */ = {isa = PBXFileReference; explicitFileType = wrapper.application; includeInIndex = 0; path = EkoTestApp.app; sourceTree = BUILT_PRODUCTS_DIR; };
		E43466C521C519160028564D /* AppDelegate.swift */ = {isa = PBXFileReference; lastKnownFileType = sourcecode.swift; path = AppDelegate.swift; sourceTree = "<group>"; };
		E43466C721C519160028564D /* GithubUsersViewController.swift */ = {isa = PBXFileReference; lastKnownFileType = sourcecode.swift; path = GithubUsersViewController.swift; sourceTree = "<group>"; };
		E43466CA21C519160028564D /* Base */ = {isa = PBXFileReference; lastKnownFileType = file.storyboard; name = Base; path = Base.lproj/Main.storyboard; sourceTree = "<group>"; };
		E43466CC21C519160028564D /* Assets.xcassets */ = {isa = PBXFileReference; lastKnownFileType = folder.assetcatalog; path = Assets.xcassets; sourceTree = "<group>"; };
		E43466CF21C519160028564D /* Base */ = {isa = PBXFileReference; lastKnownFileType = file.storyboard; name = Base; path = Base.lproj/LaunchScreen.storyboard; sourceTree = "<group>"; };
		E43466D121C519160028564D /* Info.plist */ = {isa = PBXFileReference; lastKnownFileType = text.plist.xml; path = Info.plist; sourceTree = "<group>"; };
		E43466D621C519160028564D /* EkoTestAppTests.xctest */ = {isa = PBXFileReference; explicitFileType = wrapper.cfbundle; includeInIndex = 0; path = EkoTestAppTests.xctest; sourceTree = BUILT_PRODUCTS_DIR; };
		E43466DA21C519160028564D /* EkoTestAppTests.swift */ = {isa = PBXFileReference; lastKnownFileType = sourcecode.swift; path = EkoTestAppTests.swift; sourceTree = "<group>"; };
		E43466DC21C519170028564D /* Info.plist */ = {isa = PBXFileReference; lastKnownFileType = text.plist.xml; path = Info.plist; sourceTree = "<group>"; };
		E43466E121C519170028564D /* EkoTestAppUITests.xctest */ = {isa = PBXFileReference; explicitFileType = wrapper.cfbundle; includeInIndex = 0; path = EkoTestAppUITests.xctest; sourceTree = BUILT_PRODUCTS_DIR; };
		E43466E521C519170028564D /* EkoTestAppUITests.swift */ = {isa = PBXFileReference; lastKnownFileType = sourcecode.swift; path = EkoTestAppUITests.swift; sourceTree = "<group>"; };
		E43466E721C519170028564D /* Info.plist */ = {isa = PBXFileReference; lastKnownFileType = text.plist.xml; path = Info.plist; sourceTree = "<group>"; };
		E5A7535EB42D1CF304132D53 /* Pods-EkoTestAppUITests.release.xcconfig */ = {isa = PBXFileReference; includeInIndex = 1; lastKnownFileType = text.xcconfig; name = "Pods-EkoTestAppUITests.release.xcconfig"; path = "Pods/Target Support Files/Pods-EkoTestAppUITests/Pods-EkoTestAppUITests.release.xcconfig"; sourceTree = "<group>"; };
		E71E587F05303A44A6895E67 /* Pods-EkoTestAppUITests.debug.xcconfig */ = {isa = PBXFileReference; includeInIndex = 1; lastKnownFileType = text.xcconfig; name = "Pods-EkoTestAppUITests.debug.xcconfig"; path = "Pods/Target Support Files/Pods-EkoTestAppUITests/Pods-EkoTestAppUITests.debug.xcconfig"; sourceTree = "<group>"; };
		FDA4E278B4DB70FB82AE3635 /* Pods-EkoTestApp.debug.xcconfig */ = {isa = PBXFileReference; includeInIndex = 1; lastKnownFileType = text.xcconfig; name = "Pods-EkoTestApp.debug.xcconfig"; path = "Pods/Target Support Files/Pods-EkoTestApp/Pods-EkoTestApp.debug.xcconfig"; sourceTree = "<group>"; };
/* End PBXFileReference section */

/* Begin PBXFrameworksBuildPhase section */
		E43466BF21C519160028564D /* Frameworks */ = {
			isa = PBXFrameworksBuildPhase;
			buildActionMask = 2147483647;
			files = (
				3EAC07C0DE0DF4A6E4F40FCE /* Pods_EkoTestApp.framework in Frameworks */,
			);
			runOnlyForDeploymentPostprocessing = 0;
		};
		E43466D321C519160028564D /* Frameworks */ = {
			isa = PBXFrameworksBuildPhase;
			buildActionMask = 2147483647;
			files = (
				B73C230D81D85E60D1E4DB0F /* Pods_EkoTestAppTests.framework in Frameworks */,
			);
			runOnlyForDeploymentPostprocessing = 0;
		};
		E43466DE21C519170028564D /* Frameworks */ = {
			isa = PBXFrameworksBuildPhase;
			buildActionMask = 2147483647;
			files = (
				E306EDABA0632F3623EBDE92 /* Pods_EkoTestAppUITests.framework in Frameworks */,
			);
			runOnlyForDeploymentPostprocessing = 0;
		};
/* End PBXFrameworksBuildPhase section */

/* Begin PBXGroup section */
		2DA008AA8DBD7C008A35FF96 /* Frameworks */ = {
			isa = PBXGroup;
			children = (
				58341D46E782F5A6E21B865E /* Pods_EkoTestApp.framework */,
				5AFB774EFD5A63DD47D592D1 /* Pods_EkoTestAppTests.framework */,
				6B9DD9A0AD8C12C040FC7B7E /* Pods_EkoTestAppUITests.framework */,
			);
			name = Frameworks;
			sourceTree = "<group>";
		};
		8E08BC3F6EABDD4DE232C0DB /* Pods */ = {
			isa = PBXGroup;
			children = (
				FDA4E278B4DB70FB82AE3635 /* Pods-EkoTestApp.debug.xcconfig */,
				8FBC9315EDD7C51333D138AA /* Pods-EkoTestApp.release.xcconfig */,
				BA0CECF95062994088F4C85C /* Pods-EkoTestAppTests.debug.xcconfig */,
				D5A741AC364F97E594854741 /* Pods-EkoTestAppTests.release.xcconfig */,
				E71E587F05303A44A6895E67 /* Pods-EkoTestAppUITests.debug.xcconfig */,
				E5A7535EB42D1CF304132D53 /* Pods-EkoTestAppUITests.release.xcconfig */,
			);
			name = Pods;
			sourceTree = "<group>";
		};
		E40768B921C5539000B666AF /* Models */ = {
			isa = PBXGroup;
			children = (
				E40C45AC21C52A9B00E89425 /* GitHubUser.swift */,
			);
			path = Models;
			sourceTree = "<group>";
		};
		E40768BA21C5539B00B666AF /* Extensions */ = {
			isa = PBXGroup;
			children = (
				E40768B321C53C2E00B666AF /* Extension+UIViewController.swift */,
			);
			path = Extensions;
			sourceTree = "<group>";
		};
		E40768BB21C553A400B666AF /* Network Configuration */ = {
			isa = PBXGroup;
			children = (
				E40768BD21C553DB00B666AF /* Services */,
			);
			path = "Network Configuration";
			sourceTree = "<group>";
		};
		E40768BC21C553B600B666AF /* ViewModels */ = {
			isa = PBXGroup;
			children = (
				E40C45AE21C52C0F00E89425 /* GithubUsersViewModel.swift */,
			);
			path = ViewModels;
			sourceTree = "<group>";
		};
		E40768BD21C553DB00B666AF /* Services */ = {
			isa = PBXGroup;
			children = (
				E40C45AA21C52A3F00E89425 /* GithubService.swift */,
			);
			path = Services;
			sourceTree = "<group>";
		};
		E40C45A521C5275B00E89425 /* Controllers */ = {
			isa = PBXGroup;
			children = (
				E43466C721C519160028564D /* GithubUsersViewController.swift */,
				E40C45A121C5255000E89425 /* GithubUserPageViewController.swift */,
			);
			path = Controllers;
			sourceTree = "<group>";
		};
		E40C45A621C5276E00E89425 /* Cells */ = {
			isa = PBXGroup;
			children = (
				E40C459F21C521BC00E89425 /* GithubUsersTableViewCell.swift */,
			);
			path = Cells;
			sourceTree = "<group>";
		};
		E40C45A721C5277B00E89425 /* Storyboards */ = {
			isa = PBXGroup;
			children = (
				E43466C921C519160028564D /* Main.storyboard */,
			);
			path = Storyboards;
			sourceTree = "<group>";
		};
		E40C45A821C5279D00E89425 /* Helpers */ = {
			isa = PBXGroup;
			children = (
				E43466CE21C519160028564D /* LaunchScreen.storyboard */,
				E43466C521C519160028564D /* AppDelegate.swift */,
				E40C45A321C525D500E89425 /* Constants.swift */,
				E40768B721C5512200B666AF /* Storyboarded.swift */,
			);
			path = Helpers;
			sourceTree = "<group>";
		};
		E40C45A921C527AF00E89425 /* Assests */ = {
			isa = PBXGroup;
			children = (
				E43466CC21C519160028564D /* Assets.xcassets */,
			);
			path = Assests;
			sourceTree = "<group>";
		};
		E43466B921C519160028564D = {
			isa = PBXGroup;
			children = (
				E43466C421C519160028564D /* EkoTestApp */,
				E43466D921C519160028564D /* EkoTestAppTests */,
				E43466E421C519170028564D /* EkoTestAppUITests */,
				E43466C321C519160028564D /* Products */,
				8E08BC3F6EABDD4DE232C0DB /* Pods */,
				2DA008AA8DBD7C008A35FF96 /* Frameworks */,
			);
			sourceTree = "<group>";
		};
		E43466C321C519160028564D /* Products */ = {
			isa = PBXGroup;
			children = (
				E43466C221C519160028564D /* EkoTestApp.app */,
				E43466D621C519160028564D /* EkoTestAppTests.xctest */,
				E43466E121C519170028564D /* EkoTestAppUITests.xctest */,
			);
			name = Products;
			sourceTree = "<group>";
		};
		E43466C421C519160028564D /* EkoTestApp */ = {
			isa = PBXGroup;
			children = (
				E40C45A721C5277B00E89425 /* Storyboards */,
				E40C45A521C5275B00E89425 /* Controllers */,
				E40C45A621C5276E00E89425 /* Cells */,
				E40768BB21C553A400B666AF /* Network Configuration */,
				E40768BC21C553B600B666AF /* ViewModels */,
				E40768B921C5539000B666AF /* Models */,
				E40768BA21C5539B00B666AF /* Extensions */,
				E40C45A821C5279D00E89425 /* Helpers */,
				E40C45A921C527AF00E89425 /* Assests */,
				E43466D121C519160028564D /* Info.plist */,
			);
			path = EkoTestApp;
			sourceTree = "<group>";
		};
		E43466D921C519160028564D /* EkoTestAppTests */ = {
			isa = PBXGroup;
			children = (
				E43466DA21C519160028564D /* EkoTestAppTests.swift */,
				E43466DC21C519170028564D /* Info.plist */,
			);
			path = EkoTestAppTests;
			sourceTree = "<group>";
		};
		E43466E421C519170028564D /* EkoTestAppUITests */ = {
			isa = PBXGroup;
			children = (
				E43466E521C519170028564D /* EkoTestAppUITests.swift */,
				E43466E721C519170028564D /* Info.plist */,
			);
			path = EkoTestAppUITests;
			sourceTree = "<group>";
		};
/* End PBXGroup section */

/* Begin PBXNativeTarget section */
		E43466C121C519160028564D /* EkoTestApp */ = {
			isa = PBXNativeTarget;
			buildConfigurationList = E43466EA21C519170028564D /* Build configuration list for PBXNativeTarget "EkoTestApp" */;
			buildPhases = (
				699F84BA643B7EEBB296E17F /* [CP] Check Pods Manifest.lock */,
				E43466BE21C519160028564D /* Sources */,
				E43466BF21C519160028564D /* Frameworks */,
				E43466C021C519160028564D /* Resources */,
				FA6433E9CA0622B43EA348E9 /* [CP] Embed Pods Frameworks */,
				81CDE289FC00985C3F8C9757 /* [CP] Copy Pods Resources */,
			);
			buildRules = (
			);
			dependencies = (
			);
			name = EkoTestApp;
			productName = EkoTestApp;
			productReference = E43466C221C519160028564D /* EkoTestApp.app */;
			productType = "com.apple.product-type.application";
		};
		E43466D521C519160028564D /* EkoTestAppTests */ = {
			isa = PBXNativeTarget;
			buildConfigurationList = E43466ED21C519170028564D /* Build configuration list for PBXNativeTarget "EkoTestAppTests" */;
			buildPhases = (
				0C51646B3021BEAD9DF73D0A /* [CP] Check Pods Manifest.lock */,
				E43466D221C519160028564D /* Sources */,
				E43466D321C519160028564D /* Frameworks */,
				E43466D421C519160028564D /* Resources */,
				0EAB5974D5708A8EB5083458 /* [CP] Embed Pods Frameworks */,
				F74997B647499AAF86F07132 /* [CP] Copy Pods Resources */,
			);
			buildRules = (
			);
			dependencies = (
				E43466D821C519160028564D /* PBXTargetDependency */,
			);
			name = EkoTestAppTests;
			productName = EkoTestAppTests;
			productReference = E43466D621C519160028564D /* EkoTestAppTests.xctest */;
			productType = "com.apple.product-type.bundle.unit-test";
		};
		E43466E021C519170028564D /* EkoTestAppUITests */ = {
			isa = PBXNativeTarget;
			buildConfigurationList = E43466F021C519170028564D /* Build configuration list for PBXNativeTarget "EkoTestAppUITests" */;
			buildPhases = (
				4BA9C924A6C0149AE7F75F96 /* [CP] Check Pods Manifest.lock */,
				E43466DD21C519170028564D /* Sources */,
				E43466DE21C519170028564D /* Frameworks */,
				E43466DF21C519170028564D /* Resources */,
				BD2E219B238BD8353CEB5774 /* [CP] Embed Pods Frameworks */,
				9E5E8CF0DBCB93FB22E08EFB /* [CP] Copy Pods Resources */,
			);
			buildRules = (
			);
			dependencies = (
				E43466E321C519170028564D /* PBXTargetDependency */,
			);
			name = EkoTestAppUITests;
			productName = EkoTestAppUITests;
			productReference = E43466E121C519170028564D /* EkoTestAppUITests.xctest */;
			productType = "com.apple.product-type.bundle.ui-testing";
		};
/* End PBXNativeTarget section */

/* Begin PBXProject section */
		E43466BA21C519160028564D /* Project object */ = {
			isa = PBXProject;
			attributes = {
				LastSwiftUpdateCheck = 0940;
				LastUpgradeCheck = 0940;
				ORGANIZATIONNAME = "Shayan Ali";
				TargetAttributes = {
					E43466C121C519160028564D = {
						CreatedOnToolsVersion = 9.4.1;
					};
					E43466D521C519160028564D = {
						CreatedOnToolsVersion = 9.4.1;
						TestTargetID = E43466C121C519160028564D;
					};
					E43466E021C519170028564D = {
						CreatedOnToolsVersion = 9.4.1;
						TestTargetID = E43466C121C519160028564D;
					};
				};
			};
			buildConfigurationList = E43466BD21C519160028564D /* Build configuration list for PBXProject "EkoTestApp" */;
			compatibilityVersion = "Xcode 9.3";
			developmentRegion = en;
			hasScannedForEncodings = 0;
			knownRegions = (
				en,
				Base,
			);
			mainGroup = E43466B921C519160028564D;
			productRefGroup = E43466C321C519160028564D /* Products */;
			projectDirPath = "";
			projectRoot = "";
			targets = (
				E43466C121C519160028564D /* EkoTestApp */,
				E43466D521C519160028564D /* EkoTestAppTests */,
				E43466E021C519170028564D /* EkoTestAppUITests */,
			);
		};
/* End PBXProject section */

/* Begin PBXResourcesBuildPhase section */
		E43466C021C519160028564D /* Resources */ = {
			isa = PBXResourcesBuildPhase;
			buildActionMask = 2147483647;
			files = (
				E43466D021C519160028564D /* LaunchScreen.storyboard in Resources */,
				E43466CD21C519160028564D /* Assets.xcassets in Resources */,
				E43466CB21C519160028564D /* Main.storyboard in Resources */,
			);
			runOnlyForDeploymentPostprocessing = 0;
		};
		E43466D421C519160028564D /* Resources */ = {
			isa = PBXResourcesBuildPhase;
			buildActionMask = 2147483647;
			files = (
			);
			runOnlyForDeploymentPostprocessing = 0;
		};
		E43466DF21C519170028564D /* Resources */ = {
			isa = PBXResourcesBuildPhase;
			buildActionMask = 2147483647;
			files = (
			);
			runOnlyForDeploymentPostprocessing = 0;
		};
/* End PBXResourcesBuildPhase section */

/* Begin PBXShellScriptBuildPhase section */
		0C51646B3021BEAD9DF73D0A /* [CP] Check Pods Manifest.lock */ = {
			isa = PBXShellScriptBuildPhase;
			buildActionMask = 2147483647;
			files = (
			);
			inputPaths = (
				"${PODS_PODFILE_DIR_PATH}/Podfile.lock",
				"${PODS_ROOT}/Manifest.lock",
			);
			name = "[CP] Check Pods Manifest.lock";
			outputPaths = (
				"$(DERIVED_FILE_DIR)/Pods-EkoTestAppTests-checkManifestLockResult.txt",
			);
			runOnlyForDeploymentPostprocessing = 0;
			shellPath = /bin/sh;
			shellScript = "diff \"${PODS_PODFILE_DIR_PATH}/Podfile.lock\" \"${PODS_ROOT}/Manifest.lock\" > /dev/null\nif [ $? != 0 ] ; then\n    # print error to STDERR\n    echo \"error: The sandbox is not in sync with the Podfile.lock. Run 'pod install' or update your CocoaPods installation.\" >&2\n    exit 1\nfi\n# This output is used by Xcode 'outputs' to avoid re-running this script phase.\necho \"SUCCESS\" > \"${SCRIPT_OUTPUT_FILE_0}\"\n";
			showEnvVarsInLog = 0;
		};
		0EAB5974D5708A8EB5083458 /* [CP] Embed Pods Frameworks */ = {
			isa = PBXShellScriptBuildPhase;
			buildActionMask = 2147483647;
			files = (
			);
			inputPaths = (
			);
			name = "[CP] Embed Pods Frameworks";
			outputPaths = (
			);
			runOnlyForDeploymentPostprocessing = 0;
			shellPath = /bin/sh;
			shellScript = "\"${SRCROOT}/Pods/Target Support Files/Pods-EkoTestAppTests/Pods-EkoTestAppTests-frameworks.sh\"\n";
			showEnvVarsInLog = 0;
		};
		4BA9C924A6C0149AE7F75F96 /* [CP] Check Pods Manifest.lock */ = {
			isa = PBXShellScriptBuildPhase;
			buildActionMask = 2147483647;
			files = (
			);
			inputPaths = (
				"${PODS_PODFILE_DIR_PATH}/Podfile.lock",
				"${PODS_ROOT}/Manifest.lock",
			);
			name = "[CP] Check Pods Manifest.lock";
			outputPaths = (
				"$(DERIVED_FILE_DIR)/Pods-EkoTestAppUITests-checkManifestLockResult.txt",
			);
			runOnlyForDeploymentPostprocessing = 0;
			shellPath = /bin/sh;
			shellScript = "diff \"${PODS_PODFILE_DIR_PATH}/Podfile.lock\" \"${PODS_ROOT}/Manifest.lock\" > /dev/null\nif [ $? != 0 ] ; then\n    # print error to STDERR\n    echo \"error: The sandbox is not in sync with the Podfile.lock. Run 'pod install' or update your CocoaPods installation.\" >&2\n    exit 1\nfi\n# This output is used by Xcode 'outputs' to avoid re-running this script phase.\necho \"SUCCESS\" > \"${SCRIPT_OUTPUT_FILE_0}\"\n";
			showEnvVarsInLog = 0;
		};
		699F84BA643B7EEBB296E17F /* [CP] Check Pods Manifest.lock */ = {
			isa = PBXShellScriptBuildPhase;
			buildActionMask = 2147483647;
			files = (
			);
			inputPaths = (
				"${PODS_PODFILE_DIR_PATH}/Podfile.lock",
				"${PODS_ROOT}/Manifest.lock",
			);
			name = "[CP] Check Pods Manifest.lock";
			outputPaths = (
				"$(DERIVED_FILE_DIR)/Pods-EkoTestApp-checkManifestLockResult.txt",
			);
			runOnlyForDeploymentPostprocessing = 0;
			shellPath = /bin/sh;
			shellScript = "diff \"${PODS_PODFILE_DIR_PATH}/Podfile.lock\" \"${PODS_ROOT}/Manifest.lock\" > /dev/null\nif [ $? != 0 ] ; then\n    # print error to STDERR\n    echo \"error: The sandbox is not in sync with the Podfile.lock. Run 'pod install' or update your CocoaPods installation.\" >&2\n    exit 1\nfi\n# This output is used by Xcode 'outputs' to avoid re-running this script phase.\necho \"SUCCESS\" > \"${SCRIPT_OUTPUT_FILE_0}\"\n";
			showEnvVarsInLog = 0;
		};
		81CDE289FC00985C3F8C9757 /* [CP] Copy Pods Resources */ = {
			isa = PBXShellScriptBuildPhase;
			buildActionMask = 2147483647;
			files = (
			);
			inputPaths = (
			);
			name = "[CP] Copy Pods Resources";
			outputPaths = (
			);
			runOnlyForDeploymentPostprocessing = 0;
			shellPath = /bin/sh;
			shellScript = "\"${SRCROOT}/Pods/Target Support Files/Pods-EkoTestApp/Pods-EkoTestApp-resources.sh\"\n";
			showEnvVarsInLog = 0;
		};
		9E5E8CF0DBCB93FB22E08EFB /* [CP] Copy Pods Resources */ = {
			isa = PBXShellScriptBuildPhase;
			buildActionMask = 2147483647;
			files = (
			);
			inputPaths = (
			);
			name = "[CP] Copy Pods Resources";
			outputPaths = (
			);
			runOnlyForDeploymentPostprocessing = 0;
			shellPath = /bin/sh;
			shellScript = "\"${SRCROOT}/Pods/Target Support Files/Pods-EkoTestAppUITests/Pods-EkoTestAppUITests-resources.sh\"\n";
			showEnvVarsInLog = 0;
		};
		BD2E219B238BD8353CEB5774 /* [CP] Embed Pods Frameworks */ = {
			isa = PBXShellScriptBuildPhase;
			buildActionMask = 2147483647;
			files = (
			);
			inputPaths = (
			);
			name = "[CP] Embed Pods Frameworks";
			outputPaths = (
			);
			runOnlyForDeploymentPostprocessing = 0;
			shellPath = /bin/sh;
			shellScript = "\"${SRCROOT}/Pods/Target Support Files/Pods-EkoTestAppUITests/Pods-EkoTestAppUITests-frameworks.sh\"\n";
			showEnvVarsInLog = 0;
		};
		F74997B647499AAF86F07132 /* [CP] Copy Pods Resources */ = {
			isa = PBXShellScriptBuildPhase;
			buildActionMask = 2147483647;
			files = (
			);
			inputPaths = (
			);
			name = "[CP] Copy Pods Resources";
			outputPaths = (
			);
			runOnlyForDeploymentPostprocessing = 0;
			shellPath = /bin/sh;
			shellScript = "\"${SRCROOT}/Pods/Target Support Files/Pods-EkoTestAppTests/Pods-EkoTestAppTests-resources.sh\"\n";
			showEnvVarsInLog = 0;
		};
		FA6433E9CA0622B43EA348E9 /* [CP] Embed Pods Frameworks */ = {
			isa = PBXShellScriptBuildPhase;
			buildActionMask = 2147483647;
			files = (
			);
			inputPaths = (
				"${SRCROOT}/Pods/Target Support Files/Pods-EkoTestApp/Pods-EkoTestApp-frameworks.sh",
				"${BUILT_PRODUCTS_DIR}/Alamofire/Alamofire.framework",
				"${BUILT_PRODUCTS_DIR}/Moya/Moya.framework",
				"${BUILT_PRODUCTS_DIR}/Result/Result.framework",
				"${BUILT_PRODUCTS_DIR}/SDWebImage/SDWebImage.framework",
				"${BUILT_PRODUCTS_DIR}/SwiftyJSON/SwiftyJSON.framework",
			);
			name = "[CP] Embed Pods Frameworks";
			outputPaths = (
				"${TARGET_BUILD_DIR}/${FRAMEWORKS_FOLDER_PATH}/Alamofire.framework",
				"${TARGET_BUILD_DIR}/${FRAMEWORKS_FOLDER_PATH}/Moya.framework",
				"${TARGET_BUILD_DIR}/${FRAMEWORKS_FOLDER_PATH}/Result.framework",
				"${TARGET_BUILD_DIR}/${FRAMEWORKS_FOLDER_PATH}/SDWebImage.framework",
				"${TARGET_BUILD_DIR}/${FRAMEWORKS_FOLDER_PATH}/SwiftyJSON.framework",
			);
			runOnlyForDeploymentPostprocessing = 0;
			shellPath = /bin/sh;
			shellScript = "\"${SRCROOT}/Pods/Target Support Files/Pods-EkoTestApp/Pods-EkoTestApp-frameworks.sh\"\n";
			showEnvVarsInLog = 0;
		};
/* End PBXShellScriptBuildPhase section */

/* Begin PBXSourcesBuildPhase section */
		E43466BE21C519160028564D /* Sources */ = {
			isa = PBXSourcesBuildPhase;
			buildActionMask = 2147483647;
			files = (
				E40C45AD21C52A9B00E89425 /* GitHubUser.swift in Sources */,
				E40C45A421C525D500E89425 /* Constants.swift in Sources */,
				E43466C821C519160028564D /* GithubUsersViewController.swift in Sources */,
				E40C45AB21C52A3F00E89425 /* GithubService.swift in Sources */,
				E40C45A021C521BC00E89425 /* GithubUsersTableViewCell.swift in Sources */,
				E40768B821C5512200B666AF /* Storyboarded.swift in Sources */,
				E40768B421C53C2E00B666AF /* Extension+UIViewController.swift in Sources */,
				E40C45A221C5255000E89425 /* GithubUserPageViewController.swift in Sources */,
				E40C45AF21C52C0F00E89425 /* GithubUsersViewModel.swift in Sources */,
				E43466C621C519160028564D /* AppDelegate.swift in Sources */,
			);
			runOnlyForDeploymentPostprocessing = 0;
		};
		E43466D221C519160028564D /* Sources */ = {
			isa = PBXSourcesBuildPhase;
			buildActionMask = 2147483647;
			files = (
				E43466DB21C519160028564D /* EkoTestAppTests.swift in Sources */,
			);
			runOnlyForDeploymentPostprocessing = 0;
		};
		E43466DD21C519170028564D /* Sources */ = {
			isa = PBXSourcesBuildPhase;
			buildActionMask = 2147483647;
			files = (
				E43466E621C519170028564D /* EkoTestAppUITests.swift in Sources */,
			);
			runOnlyForDeploymentPostprocessing = 0;
		};
/* End PBXSourcesBuildPhase section */

/* Begin PBXTargetDependency section */
		E43466D821C519160028564D /* PBXTargetDependency */ = {
			isa = PBXTargetDependency;
			target = E43466C121C519160028564D /* EkoTestApp */;
			targetProxy = E43466D721C519160028564D /* PBXContainerItemProxy */;
		};
		E43466E321C519170028564D /* PBXTargetDependency */ = {
			isa = PBXTargetDependency;
			target = E43466C121C519160028564D /* EkoTestApp */;
			targetProxy = E43466E221C519170028564D /* PBXContainerItemProxy */;
		};
/* End PBXTargetDependency section */

/* Begin PBXVariantGroup section */
		E43466C921C519160028564D /* Main.storyboard */ = {
			isa = PBXVariantGroup;
			children = (
				E43466CA21C519160028564D /* Base */,
			);
			name = Main.storyboard;
			sourceTree = "<group>";
		};
		E43466CE21C519160028564D /* LaunchScreen.storyboard */ = {
			isa = PBXVariantGroup;
			children = (
				E43466CF21C519160028564D /* Base */,
			);
			name = LaunchScreen.storyboard;
			sourceTree = "<group>";
		};
/* End PBXVariantGroup section */

/* Begin XCBuildConfiguration section */
		E43466E821C519170028564D /* Debug */ = {
			isa = XCBuildConfiguration;
			buildSettings = {
				ALWAYS_SEARCH_USER_PATHS = NO;
				CLANG_ANALYZER_NONNULL = YES;
				CLANG_ANALYZER_NUMBER_OBJECT_CONVERSION = YES_AGGRESSIVE;
				CLANG_CXX_LANGUAGE_STANDARD = "gnu++14";
				CLANG_CXX_LIBRARY = "libc++";
				CLANG_ENABLE_MODULES = YES;
				CLANG_ENABLE_OBJC_ARC = YES;
				CLANG_ENABLE_OBJC_WEAK = YES;
				CLANG_WARN_BLOCK_CAPTURE_AUTORELEASING = YES;
				CLANG_WARN_BOOL_CONVERSION = YES;
				CLANG_WARN_COMMA = YES;
				CLANG_WARN_CONSTANT_CONVERSION = YES;
				CLANG_WARN_DEPRECATED_OBJC_IMPLEMENTATIONS = YES;
				CLANG_WARN_DIRECT_OBJC_ISA_USAGE = YES_ERROR;
				CLANG_WARN_DOCUMENTATION_COMMENTS = YES;
				CLANG_WARN_EMPTY_BODY = YES;
				CLANG_WARN_ENUM_CONVERSION = YES;
				CLANG_WARN_INFINITE_RECURSION = YES;
				CLANG_WARN_INT_CONVERSION = YES;
				CLANG_WARN_NON_LITERAL_NULL_CONVERSION = YES;
				CLANG_WARN_OBJC_IMPLICIT_RETAIN_SELF = YES;
				CLANG_WARN_OBJC_LITERAL_CONVERSION = YES;
				CLANG_WARN_OBJC_ROOT_CLASS = YES_ERROR;
				CLANG_WARN_RANGE_LOOP_ANALYSIS = YES;
				CLANG_WARN_STRICT_PROTOTYPES = YES;
				CLANG_WARN_SUSPICIOUS_MOVE = YES;
				CLANG_WARN_UNGUARDED_AVAILABILITY = YES_AGGRESSIVE;
				CLANG_WARN_UNREACHABLE_CODE = YES;
				CLANG_WARN__DUPLICATE_METHOD_MATCH = YES;
				CODE_SIGN_IDENTITY = "iPhone Developer";
				COPY_PHASE_STRIP = NO;
				DEBUG_INFORMATION_FORMAT = dwarf;
				ENABLE_STRICT_OBJC_MSGSEND = YES;
				ENABLE_TESTABILITY = YES;
				GCC_C_LANGUAGE_STANDARD = gnu11;
				GCC_DYNAMIC_NO_PIC = NO;
				GCC_NO_COMMON_BLOCKS = YES;
				GCC_OPTIMIZATION_LEVEL = 0;
				GCC_PREPROCESSOR_DEFINITIONS = (
					"DEBUG=1",
					"$(inherited)",
				);
				GCC_WARN_64_TO_32_BIT_CONVERSION = YES;
				GCC_WARN_ABOUT_RETURN_TYPE = YES_ERROR;
				GCC_WARN_UNDECLARED_SELECTOR = YES;
				GCC_WARN_UNINITIALIZED_AUTOS = YES_AGGRESSIVE;
				GCC_WARN_UNUSED_FUNCTION = YES;
				GCC_WARN_UNUSED_VARIABLE = YES;
				IPHONEOS_DEPLOYMENT_TARGET = 11.4;
				MTL_ENABLE_DEBUG_INFO = YES;
				ONLY_ACTIVE_ARCH = YES;
				SDKROOT = iphoneos;
				SWIFT_ACTIVE_COMPILATION_CONDITIONS = DEBUG;
				SWIFT_OPTIMIZATION_LEVEL = "-Onone";
			};
			name = Debug;
		};
		E43466E921C519170028564D /* Release */ = {
			isa = XCBuildConfiguration;
			buildSettings = {
				ALWAYS_SEARCH_USER_PATHS = NO;
				CLANG_ANALYZER_NONNULL = YES;
				CLANG_ANALYZER_NUMBER_OBJECT_CONVERSION = YES_AGGRESSIVE;
				CLANG_CXX_LANGUAGE_STANDARD = "gnu++14";
				CLANG_CXX_LIBRARY = "libc++";
				CLANG_ENABLE_MODULES = YES;
				CLANG_ENABLE_OBJC_ARC = YES;
				CLANG_ENABLE_OBJC_WEAK = YES;
				CLANG_WARN_BLOCK_CAPTURE_AUTORELEASING = YES;
				CLANG_WARN_BOOL_CONVERSION = YES;
				CLANG_WARN_COMMA = YES;
				CLANG_WARN_CONSTANT_CONVERSION = YES;
				CLANG_WARN_DEPRECATED_OBJC_IMPLEMENTATIONS = YES;
				CLANG_WARN_DIRECT_OBJC_ISA_USAGE = YES_ERROR;
				CLANG_WARN_DOCUMENTATION_COMMENTS = YES;
				CLANG_WARN_EMPTY_BODY = YES;
				CLANG_WARN_ENUM_CONVERSION = YES;
				CLANG_WARN_INFINITE_RECURSION = YES;
				CLANG_WARN_INT_CONVERSION = YES;
				CLANG_WARN_NON_LITERAL_NULL_CONVERSION = YES;
				CLANG_WARN_OBJC_IMPLICIT_RETAIN_SELF = YES;
				CLANG_WARN_OBJC_LITERAL_CONVERSION = YES;
				CLANG_WARN_OBJC_ROOT_CLASS = YES_ERROR;
				CLANG_WARN_RANGE_LOOP_ANALYSIS = YES;
				CLANG_WARN_STRICT_PROTOTYPES = YES;
				CLANG_WARN_SUSPICIOUS_MOVE = YES;
				CLANG_WARN_UNGUARDED_AVAILABILITY = YES_AGGRESSIVE;
				CLANG_WARN_UNREACHABLE_CODE = YES;
				CLANG_WARN__DUPLICATE_METHOD_MATCH = YES;
				CODE_SIGN_IDENTITY = "iPhone Developer";
				COPY_PHASE_STRIP = NO;
				DEBUG_INFORMATION_FORMAT = "dwarf-with-dsym";
				ENABLE_NS_ASSERTIONS = NO;
				ENABLE_STRICT_OBJC_MSGSEND = YES;
				GCC_C_LANGUAGE_STANDARD = gnu11;
				GCC_NO_COMMON_BLOCKS = YES;
				GCC_WARN_64_TO_32_BIT_CONVERSION = YES;
				GCC_WARN_ABOUT_RETURN_TYPE = YES_ERROR;
				GCC_WARN_UNDECLARED_SELECTOR = YES;
				GCC_WARN_UNINITIALIZED_AUTOS = YES_AGGRESSIVE;
				GCC_WARN_UNUSED_FUNCTION = YES;
				GCC_WARN_UNUSED_VARIABLE = YES;
				IPHONEOS_DEPLOYMENT_TARGET = 11.4;
				MTL_ENABLE_DEBUG_INFO = NO;
				SDKROOT = iphoneos;
				SWIFT_COMPILATION_MODE = wholemodule;
				SWIFT_OPTIMIZATION_LEVEL = "-O";
				VALIDATE_PRODUCT = YES;
			};
			name = Release;
		};
		E43466EB21C519170028564D /* Debug */ = {
			isa = XCBuildConfiguration;
			baseConfigurationReference = FDA4E278B4DB70FB82AE3635 /* Pods-EkoTestApp.debug.xcconfig */;
			buildSettings = {
				ASSETCATALOG_COMPILER_APPICON_NAME = AppIcon;
				CODE_SIGN_STYLE = Automatic;
				DEVELOPMENT_TEAM = 4SXK89N4ZG;
				INFOPLIST_FILE = EkoTestApp/Info.plist;
				LD_RUNPATH_SEARCH_PATHS = (
					"$(inherited)",
					"@executable_path/Frameworks",
				);
				PRODUCT_BUNDLE_IDENTIFIER = com.Appxone.FoodOnlineDemo.EkoTestApp;
				PRODUCT_NAME = "$(TARGET_NAME)";
				SWIFT_VERSION = 4.0;
				TARGETED_DEVICE_FAMILY = "1,2";
			};
			name = Debug;
		};
		E43466EC21C519170028564D /* Release */ = {
			isa = XCBuildConfiguration;
			baseConfigurationReference = 8FBC9315EDD7C51333D138AA /* Pods-EkoTestApp.release.xcconfig */;
			buildSettings = {
				ASSETCATALOG_COMPILER_APPICON_NAME = AppIcon;
				CODE_SIGN_STYLE = Automatic;
				DEVELOPMENT_TEAM = 4SXK89N4ZG;
				INFOPLIST_FILE = EkoTestApp/Info.plist;
				LD_RUNPATH_SEARCH_PATHS = (
					"$(inherited)",
					"@executable_path/Frameworks",
				);
				PRODUCT_BUNDLE_IDENTIFIER = com.Appxone.FoodOnlineDemo.EkoTestApp;
				PRODUCT_NAME = "$(TARGET_NAME)";
				SWIFT_VERSION = 4.0;
				TARGETED_DEVICE_FAMILY = "1,2";
			};
			name = Release;
		};
		E43466EE21C519170028564D /* Debug */ = {
			isa = XCBuildConfiguration;
			baseConfigurationReference = BA0CECF95062994088F4C85C /* Pods-EkoTestAppTests.debug.xcconfig */;
			buildSettings = {
				ALWAYS_EMBED_SWIFT_STANDARD_LIBRARIES = YES;
				BUNDLE_LOADER = "$(TEST_HOST)";
				CODE_SIGN_STYLE = Automatic;
				DEVELOPMENT_TEAM = 4SXK89N4ZG;
				INFOPLIST_FILE = EkoTestAppTests/Info.plist;
				LD_RUNPATH_SEARCH_PATHS = (
					"$(inherited)",
					"@executable_path/Frameworks",
					"@loader_path/Frameworks",
				);
				PRODUCT_BUNDLE_IDENTIFIER = com.Appxone.FoodOnlineDemo.EkoTestAppTests;
				PRODUCT_NAME = "$(TARGET_NAME)";
				SWIFT_VERSION = 4.0;
				TARGETED_DEVICE_FAMILY = "1,2";
				TEST_HOST = "$(BUILT_PRODUCTS_DIR)/EkoTestApp.app/EkoTestApp";
			};
			name = Debug;
		};
		E43466EF21C519170028564D /* Release */ = {
			isa = XCBuildConfiguration;
			baseConfigurationReference = D5A741AC364F97E594854741 /* Pods-EkoTestAppTests.release.xcconfig */;
			buildSettings = {
				ALWAYS_EMBED_SWIFT_STANDARD_LIBRARIES = YES;
				BUNDLE_LOADER = "$(TEST_HOST)";
				CODE_SIGN_STYLE = Automatic;
				DEVELOPMENT_TEAM = 4SXK89N4ZG;
				INFOPLIST_FILE = EkoTestAppTests/Info.plist;
				LD_RUNPATH_SEARCH_PATHS = (
					"$(inherited)",
					"@executable_path/Frameworks",
					"@loader_path/Frameworks",
				);
				PRODUCT_BUNDLE_IDENTIFIER = com.Appxone.FoodOnlineDemo.EkoTestAppTests;
				PRODUCT_NAME = "$(TARGET_NAME)";
				SWIFT_VERSION = 4.0;
				TARGETED_DEVICE_FAMILY = "1,2";
				TEST_HOST = "$(BUILT_PRODUCTS_DIR)/EkoTestApp.app/EkoTestApp";
			};
			name = Release;
		};
		E43466F121C519170028564D /* Debug */ = {
			isa = XCBuildConfiguration;
			baseConfigurationReference = E71E587F05303A44A6895E67 /* Pods-EkoTestAppUITests.debug.xcconfig */;
			buildSettings = {
				ALWAYS_EMBED_SWIFT_STANDARD_LIBRARIES = YES;
				CODE_SIGN_STYLE = Automatic;
				DEVELOPMENT_TEAM = 4SXK89N4ZG;
				INFOPLIST_FILE = EkoTestAppUITests/Info.plist;
				LD_RUNPATH_SEARCH_PATHS = (
					"$(inherited)",
					"@executable_path/Frameworks",
					"@loader_path/Frameworks",
				);
				PRODUCT_BUNDLE_IDENTIFIER = com.Appxone.FoodOnlineDemo.EkoTestAppUITests;
				PRODUCT_NAME = "$(TARGET_NAME)";
				SWIFT_VERSION = 4.0;
				TARGETED_DEVICE_FAMILY = "1,2";
				TEST_TARGET_NAME = EkoTestApp;
			};
			name = Debug;
		};
		E43466F221C519170028564D /* Release */ = {
			isa = XCBuildConfiguration;
			baseConfigurationReference = E5A7535EB42D1CF304132D53 /* Pods-EkoTestAppUITests.release.xcconfig */;
			buildSettings = {
				ALWAYS_EMBED_SWIFT_STANDARD_LIBRARIES = YES;
				CODE_SIGN_STYLE = Automatic;
				DEVELOPMENT_TEAM = 4SXK89N4ZG;
				INFOPLIST_FILE = EkoTestAppUITests/Info.plist;
				LD_RUNPATH_SEARCH_PATHS = (
					"$(inherited)",
					"@executable_path/Frameworks",
					"@loader_path/Frameworks",
				);
				PRODUCT_BUNDLE_IDENTIFIER = com.Appxone.FoodOnlineDemo.EkoTestAppUITests;
				PRODUCT_NAME = "$(TARGET_NAME)";
				SWIFT_VERSION = 4.0;
				TARGETED_DEVICE_FAMILY = "1,2";
				TEST_TARGET_NAME = EkoTestApp;
			};
			name = Release;
		};
/* End XCBuildConfiguration section */

/* Begin XCConfigurationList section */
		E43466BD21C519160028564D /* Build configuration list for PBXProject "EkoTestApp" */ = {
			isa = XCConfigurationList;
			buildConfigurations = (
				E43466E821C519170028564D /* Debug */,
				E43466E921C519170028564D /* Release */,
			);
			defaultConfigurationIsVisible = 0;
			defaultConfigurationName = Release;
		};
		E43466EA21C519170028564D /* Build configuration list for PBXNativeTarget "EkoTestApp" */ = {
			isa = XCConfigurationList;
			buildConfigurations = (
				E43466EB21C519170028564D /* Debug */,
				E43466EC21C519170028564D /* Release */,
			);
			defaultConfigurationIsVisible = 0;
			defaultConfigurationName = Release;
		};
		E43466ED21C519170028564D /* Build configuration list for PBXNativeTarget "EkoTestAppTests" */ = {
			isa = XCConfigurationList;
			buildConfigurations = (
				E43466EE21C519170028564D /* Debug */,
				E43466EF21C519170028564D /* Release */,
			);
			defaultConfigurationIsVisible = 0;
			defaultConfigurationName = Release;
		};
		E43466F021C519170028564D /* Build configuration list for PBXNativeTarget "EkoTestAppUITests" */ = {
			isa = XCConfigurationList;
			buildConfigurations = (
				E43466F121C519170028564D /* Debug */,
				E43466F221C519170028564D /* Release */,
			);
			defaultConfigurationIsVisible = 0;
			defaultConfigurationName = Release;
		};
/* End XCConfigurationList section */
	};
	rootObject = E43466BA21C519160028564D /* Project object */;
}
